// !$*UTF8*$!
{
	archiveVersion = 1;
	classes = {
	};
	objectVersion = 50;
	objects = {

/* Begin PBXBuildFile section */
		84CD41E6EB8C596162EA1BB4 /* Pods_CurrencyConversionUITests.framework in Frameworks */ = {isa = PBXBuildFile; fileRef = ADCA248952271067CB05936D /* Pods_CurrencyConversionUITests.framework */; };
		ACD3689A22FE672E00E9055B /* AppDelegate.swift in Sources */ = {isa = PBXBuildFile; fileRef = ACD3689922FE672E00E9055B /* AppDelegate.swift */; };
		ACD3689C22FE672E00E9055B /* ViewController.swift in Sources */ = {isa = PBXBuildFile; fileRef = ACD3689B22FE672E00E9055B /* ViewController.swift */; };
		ACD3689F22FE672E00E9055B /* Main.storyboard in Resources */ = {isa = PBXBuildFile; fileRef = ACD3689D22FE672E00E9055B /* Main.storyboard */; };
		ACD368A122FE673100E9055B /* Assets.xcassets in Resources */ = {isa = PBXBuildFile; fileRef = ACD368A022FE673100E9055B /* Assets.xcassets */; };
		ACD368A422FE673100E9055B /* LaunchScreen.storyboard in Resources */ = {isa = PBXBuildFile; fileRef = ACD368A222FE673100E9055B /* LaunchScreen.storyboard */; };
		ACD368AF22FE673100E9055B /* CurrencyConversionTests.swift in Sources */ = {isa = PBXBuildFile; fileRef = ACD368AE22FE673100E9055B /* CurrencyConversionTests.swift */; };
		ACD368BA22FE673100E9055B /* CurrencyConversionUITests.swift in Sources */ = {isa = PBXBuildFile; fileRef = ACD368B922FE673100E9055B /* CurrencyConversionUITests.swift */; };
		ACE27F5622FE98810007BCDA /* InputCurrencyView.swift in Sources */ = {isa = PBXBuildFile; fileRef = ACE27F5522FE98810007BCDA /* InputCurrencyView.swift */; };
		ACE27F5C22FEA4F00007BCDA /* InputCurrencyView.xib in Resources */ = {isa = PBXBuildFile; fileRef = ACE27F5B22FEA4F00007BCDA /* InputCurrencyView.xib */; };
		ACE27F5F22FED74F0007BCDA /* RateCollectionViewCell.swift in Sources */ = {isa = PBXBuildFile; fileRef = ACE27F5D22FED74F0007BCDA /* RateCollectionViewCell.swift */; };
		ACE27F6022FED74F0007BCDA /* RateCollectionViewCell.xib in Resources */ = {isa = PBXBuildFile; fileRef = ACE27F5E22FED74F0007BCDA /* RateCollectionViewCell.xib */; };
		ACE27F622301880B0007BCDA /* CurrencyListModel.swift in Sources */ = {isa = PBXBuildFile; fileRef = ACE27F612301880A0007BCDA /* CurrencyListModel.swift */; };
		BDE37D2F53A49E56B0EF827B /* Pods_CurrencyConversion.framework in Frameworks */ = {isa = PBXBuildFile; fileRef = C5D776556AB30DE798848296 /* Pods_CurrencyConversion.framework */; };
		C67D60F841FD71321896A478 /* Pods_CurrencyConversionTests.framework in Frameworks */ = {isa = PBXBuildFile; fileRef = F8F2FACE89F4A4A9F016D116 /* Pods_CurrencyConversionTests.framework */; };
/* End PBXBuildFile section */

/* Begin PBXContainerItemProxy section */
		ACD368AB22FE673100E9055B /* PBXContainerItemProxy */ = {
			isa = PBXContainerItemProxy;
			containerPortal = ACD3688E22FE672E00E9055B /* Project object */;
			proxyType = 1;
			remoteGlobalIDString = ACD3689522FE672E00E9055B;
			remoteInfo = CurrencyConversion;
		};
		ACD368B622FE673100E9055B /* PBXContainerItemProxy */ = {
			isa = PBXContainerItemProxy;
			containerPortal = ACD3688E22FE672E00E9055B /* Project object */;
			proxyType = 1;
			remoteGlobalIDString = ACD3689522FE672E00E9055B;
			remoteInfo = CurrencyConversion;
		};
/* End PBXContainerItemProxy section */

/* Begin PBXFileReference section */
		685233183E38ED347D9BB716 /* Pods-CurrencyConversionTests.release.xcconfig */ = {isa = PBXFileReference; includeInIndex = 1; lastKnownFileType = text.xcconfig; name = "Pods-CurrencyConversionTests.release.xcconfig"; path = "Pods/Target Support Files/Pods-CurrencyConversionTests/Pods-CurrencyConversionTests.release.xcconfig"; sourceTree = "<group>"; };
		936068F4D6C3178C89A89515 /* Pods-CurrencyConversionTests.debug.xcconfig */ = {isa = PBXFileReference; includeInIndex = 1; lastKnownFileType = text.xcconfig; name = "Pods-CurrencyConversionTests.debug.xcconfig"; path = "Pods/Target Support Files/Pods-CurrencyConversionTests/Pods-CurrencyConversionTests.debug.xcconfig"; sourceTree = "<group>"; };
		ACD3689622FE672E00E9055B /* CurrencyConversion.app */ = {isa = PBXFileReference; explicitFileType = wrapper.application; includeInIndex = 0; path = CurrencyConversion.app; sourceTree = BUILT_PRODUCTS_DIR; };
		ACD3689922FE672E00E9055B /* AppDelegate.swift */ = {isa = PBXFileReference; lastKnownFileType = sourcecode.swift; path = AppDelegate.swift; sourceTree = "<group>"; };
		ACD3689B22FE672E00E9055B /* ViewController.swift */ = {isa = PBXFileReference; lastKnownFileType = sourcecode.swift; path = ViewController.swift; sourceTree = "<group>"; };
		ACD3689E22FE672E00E9055B /* Base */ = {isa = PBXFileReference; lastKnownFileType = file.storyboard; name = Base; path = Base.lproj/Main.storyboard; sourceTree = "<group>"; };
		ACD368A022FE673100E9055B /* Assets.xcassets */ = {isa = PBXFileReference; lastKnownFileType = folder.assetcatalog; path = Assets.xcassets; sourceTree = "<group>"; };
		ACD368A322FE673100E9055B /* Base */ = {isa = PBXFileReference; lastKnownFileType = file.storyboard; name = Base; path = Base.lproj/LaunchScreen.storyboard; sourceTree = "<group>"; };
		ACD368A522FE673100E9055B /* Info.plist */ = {isa = PBXFileReference; lastKnownFileType = text.plist.xml; path = Info.plist; sourceTree = "<group>"; };
		ACD368AA22FE673100E9055B /* CurrencyConversionTests.xctest */ = {isa = PBXFileReference; explicitFileType = wrapper.cfbundle; includeInIndex = 0; path = CurrencyConversionTests.xctest; sourceTree = BUILT_PRODUCTS_DIR; };
		ACD368AE22FE673100E9055B /* CurrencyConversionTests.swift */ = {isa = PBXFileReference; lastKnownFileType = sourcecode.swift; path = CurrencyConversionTests.swift; sourceTree = "<group>"; };
		ACD368B022FE673100E9055B /* Info.plist */ = {isa = PBXFileReference; lastKnownFileType = text.plist.xml; path = Info.plist; sourceTree = "<group>"; };
		ACD368B522FE673100E9055B /* CurrencyConversionUITests.xctest */ = {isa = PBXFileReference; explicitFileType = wrapper.cfbundle; includeInIndex = 0; path = CurrencyConversionUITests.xctest; sourceTree = BUILT_PRODUCTS_DIR; };
		ACD368B922FE673100E9055B /* CurrencyConversionUITests.swift */ = {isa = PBXFileReference; lastKnownFileType = sourcecode.swift; path = CurrencyConversionUITests.swift; sourceTree = "<group>"; };
		ACD368BB22FE673100E9055B /* Info.plist */ = {isa = PBXFileReference; lastKnownFileType = text.plist.xml; path = Info.plist; sourceTree = "<group>"; };
		ACE27F5522FE98810007BCDA /* InputCurrencyView.swift */ = {isa = PBXFileReference; lastKnownFileType = sourcecode.swift; path = InputCurrencyView.swift; sourceTree = "<group>"; };
		ACE27F5B22FEA4F00007BCDA /* InputCurrencyView.xib */ = {isa = PBXFileReference; lastKnownFileType = file.xib; path = InputCurrencyView.xib; sourceTree = "<group>"; };
		ACE27F5D22FED74F0007BCDA /* RateCollectionViewCell.swift */ = {isa = PBXFileReference; lastKnownFileType = sourcecode.swift; path = RateCollectionViewCell.swift; sourceTree = "<group>"; };
		ACE27F5E22FED74F0007BCDA /* RateCollectionViewCell.xib */ = {isa = PBXFileReference; lastKnownFileType = file.xib; path = RateCollectionViewCell.xib; sourceTree = "<group>"; };
		ACE27F612301880A0007BCDA /* CurrencyListModel.swift */ = {isa = PBXFileReference; lastKnownFileType = sourcecode.swift; path = CurrencyListModel.swift; sourceTree = "<group>"; };
		ADCA248952271067CB05936D /* Pods_CurrencyConversionUITests.framework */ = {isa = PBXFileReference; explicitFileType = wrapper.framework; includeInIndex = 0; path = Pods_CurrencyConversionUITests.framework; sourceTree = BUILT_PRODUCTS_DIR; };
		AEBBD69E4CD77409C9E8A388 /* Pods-CurrencyConversion.release.xcconfig */ = {isa = PBXFileReference; includeInIndex = 1; lastKnownFileType = text.xcconfig; name = "Pods-CurrencyConversion.release.xcconfig"; path = "Pods/Target Support Files/Pods-CurrencyConversion/Pods-CurrencyConversion.release.xcconfig"; sourceTree = "<group>"; };
		B0894C75EC042924156CB2CF /* Pods-CurrencyConversionUITests.debug.xcconfig */ = {isa = PBXFileReference; includeInIndex = 1; lastKnownFileType = text.xcconfig; name = "Pods-CurrencyConversionUITests.debug.xcconfig"; path = "Pods/Target Support Files/Pods-CurrencyConversionUITests/Pods-CurrencyConversionUITests.debug.xcconfig"; sourceTree = "<group>"; };
		B674220ABCA1C64BC64D34E2 /* Pods-CurrencyConversionUITests.release.xcconfig */ = {isa = PBXFileReference; includeInIndex = 1; lastKnownFileType = text.xcconfig; name = "Pods-CurrencyConversionUITests.release.xcconfig"; path = "Pods/Target Support Files/Pods-CurrencyConversionUITests/Pods-CurrencyConversionUITests.release.xcconfig"; sourceTree = "<group>"; };
		C5D776556AB30DE798848296 /* Pods_CurrencyConversion.framework */ = {isa = PBXFileReference; explicitFileType = wrapper.framework; includeInIndex = 0; path = Pods_CurrencyConversion.framework; sourceTree = BUILT_PRODUCTS_DIR; };
		F288BFDFF4EB4991C7BC9848 /* Pods-CurrencyConversion.debug.xcconfig */ = {isa = PBXFileReference; includeInIndex = 1; lastKnownFileType = text.xcconfig; name = "Pods-CurrencyConversion.debug.xcconfig"; path = "Pods/Target Support Files/Pods-CurrencyConversion/Pods-CurrencyConversion.debug.xcconfig"; sourceTree = "<group>"; };
		F8F2FACE89F4A4A9F016D116 /* Pods_CurrencyConversionTests.framework */ = {isa = PBXFileReference; explicitFileType = wrapper.framework; includeInIndex = 0; path = Pods_CurrencyConversionTests.framework; sourceTree = BUILT_PRODUCTS_DIR; };
/* End PBXFileReference section */

/* Begin PBXFrameworksBuildPhase section */
		ACD3689322FE672E00E9055B /* Frameworks */ = {
			isa = PBXFrameworksBuildPhase;
			buildActionMask = 2147483647;
			files = (
				BDE37D2F53A49E56B0EF827B /* Pods_CurrencyConversion.framework in Frameworks */,
			);
			runOnlyForDeploymentPostprocessing = 0;
		};
		ACD368A722FE673100E9055B /* Frameworks */ = {
			isa = PBXFrameworksBuildPhase;
			buildActionMask = 2147483647;
			files = (
				C67D60F841FD71321896A478 /* Pods_CurrencyConversionTests.framework in Frameworks */,
			);
			runOnlyForDeploymentPostprocessing = 0;
		};
		ACD368B222FE673100E9055B /* Frameworks */ = {
			isa = PBXFrameworksBuildPhase;
			buildActionMask = 2147483647;
			files = (
				84CD41E6EB8C596162EA1BB4 /* Pods_CurrencyConversionUITests.framework in Frameworks */,
			);
			runOnlyForDeploymentPostprocessing = 0;
		};
/* End PBXFrameworksBuildPhase section */

/* Begin PBXGroup section */
		1F3BC3337D743280E8928E6A /* Frameworks */ = {
			isa = PBXGroup;
			children = (
				C5D776556AB30DE798848296 /* Pods_CurrencyConversion.framework */,
				F8F2FACE89F4A4A9F016D116 /* Pods_CurrencyConversionTests.framework */,
				ADCA248952271067CB05936D /* Pods_CurrencyConversionUITests.framework */,
			);
			name = Frameworks;
			sourceTree = "<group>";
		};
		5E0ADD2957E371A5F04A3FE4 /* Pods */ = {
			isa = PBXGroup;
			children = (
				F288BFDFF4EB4991C7BC9848 /* Pods-CurrencyConversion.debug.xcconfig */,
				AEBBD69E4CD77409C9E8A388 /* Pods-CurrencyConversion.release.xcconfig */,
				936068F4D6C3178C89A89515 /* Pods-CurrencyConversionTests.debug.xcconfig */,
				685233183E38ED347D9BB716 /* Pods-CurrencyConversionTests.release.xcconfig */,
				B0894C75EC042924156CB2CF /* Pods-CurrencyConversionUITests.debug.xcconfig */,
				B674220ABCA1C64BC64D34E2 /* Pods-CurrencyConversionUITests.release.xcconfig */,
			);
			name = Pods;
			sourceTree = "<group>";
		};
		ACD3688D22FE672E00E9055B = {
			isa = PBXGroup;
			children = (
				ACD3689822FE672E00E9055B /* CurrencyConversion */,
				ACD368AD22FE673100E9055B /* CurrencyConversionTests */,
				ACD368B822FE673100E9055B /* CurrencyConversionUITests */,
				ACD3689722FE672E00E9055B /* Products */,
				5E0ADD2957E371A5F04A3FE4 /* Pods */,
				1F3BC3337D743280E8928E6A /* Frameworks */,
			);
			sourceTree = "<group>";
		};
		ACD3689722FE672E00E9055B /* Products */ = {
			isa = PBXGroup;
			children = (
				ACD3689622FE672E00E9055B /* CurrencyConversion.app */,
				ACD368AA22FE673100E9055B /* CurrencyConversionTests.xctest */,
				ACD368B522FE673100E9055B /* CurrencyConversionUITests.xctest */,
			);
			name = Products;
			sourceTree = "<group>";
		};
		ACD3689822FE672E00E9055B /* CurrencyConversion */ = {
			isa = PBXGroup;
			children = (
				ACD3689922FE672E00E9055B /* AppDelegate.swift */,
				ACE27F612301880A0007BCDA /* CurrencyListModel.swift */,
				ACE27F5B22FEA4F00007BCDA /* InputCurrencyView.xib */,
				ACE27F5522FE98810007BCDA /* InputCurrencyView.swift */,
				ACD3689B22FE672E00E9055B /* ViewController.swift */,
				ACE27F5D22FED74F0007BCDA /* RateCollectionViewCell.swift */,
				ACE27F5E22FED74F0007BCDA /* RateCollectionViewCell.xib */,
				ACD3689D22FE672E00E9055B /* Main.storyboard */,
				ACD368A022FE673100E9055B /* Assets.xcassets */,
				ACD368A222FE673100E9055B /* LaunchScreen.storyboard */,
				ACD368A522FE673100E9055B /* Info.plist */,
			);
			path = CurrencyConversion;
			sourceTree = "<group>";
		};
		ACD368AD22FE673100E9055B /* CurrencyConversionTests */ = {
			isa = PBXGroup;
			children = (
				ACD368AE22FE673100E9055B /* CurrencyConversionTests.swift */,
				ACD368B022FE673100E9055B /* Info.plist */,
			);
			path = CurrencyConversionTests;
			sourceTree = "<group>";
		};
		ACD368B822FE673100E9055B /* CurrencyConversionUITests */ = {
			isa = PBXGroup;
			children = (
				ACD368B922FE673100E9055B /* CurrencyConversionUITests.swift */,
				ACD368BB22FE673100E9055B /* Info.plist */,
			);
			path = CurrencyConversionUITests;
			sourceTree = "<group>";
		};
/* End PBXGroup section */

/* Begin PBXNativeTarget section */
		ACD3689522FE672E00E9055B /* CurrencyConversion */ = {
			isa = PBXNativeTarget;
			buildConfigurationList = ACD368BE22FE673100E9055B /* Build configuration list for PBXNativeTarget "CurrencyConversion" */;
			buildPhases = (
				A18F43B6109C84BB77117387 /* [CP] Check Pods Manifest.lock */,
				ACD3689222FE672E00E9055B /* Sources */,
				ACD3689322FE672E00E9055B /* Frameworks */,
				ACD3689422FE672E00E9055B /* Resources */,
				E5C87B1BFC3AE6D2131386F7 /* [CP] Embed Pods Frameworks */,
				95ADC334A5245304A63A1974 /* [CP] Copy Pods Resources */,
			);
			buildRules = (
			);
			dependencies = (
			);
			name = CurrencyConversion;
			productName = CurrencyConversion;
			productReference = ACD3689622FE672E00E9055B /* CurrencyConversion.app */;
			productType = "com.apple.product-type.application";
		};
		ACD368A922FE673100E9055B /* CurrencyConversionTests */ = {
			isa = PBXNativeTarget;
			buildConfigurationList = ACD368C122FE673100E9055B /* Build configuration list for PBXNativeTarget "CurrencyConversionTests" */;
			buildPhases = (
				52CA932C79009AAA454FA6A2 /* [CP] Check Pods Manifest.lock */,
				ACD368A622FE673100E9055B /* Sources */,
				ACD368A722FE673100E9055B /* Frameworks */,
				ACD368A822FE673100E9055B /* Resources */,
				C2437E15FCEA0314F7876685 /* [CP] Embed Pods Frameworks */,
				085AED10C712624DC91F6EEF /* [CP] Copy Pods Resources */,
			);
			buildRules = (
			);
			dependencies = (
				ACD368AC22FE673100E9055B /* PBXTargetDependency */,
			);
			name = CurrencyConversionTests;
			productName = CurrencyConversionTests;
			productReference = ACD368AA22FE673100E9055B /* CurrencyConversionTests.xctest */;
			productType = "com.apple.product-type.bundle.unit-test";
		};
		ACD368B422FE673100E9055B /* CurrencyConversionUITests */ = {
			isa = PBXNativeTarget;
			buildConfigurationList = ACD368C422FE673100E9055B /* Build configuration list for PBXNativeTarget "CurrencyConversionUITests" */;
			buildPhases = (
				1EFF0CF66AF98BF633CBE551 /* [CP] Check Pods Manifest.lock */,
				ACD368B122FE673100E9055B /* Sources */,
				ACD368B222FE673100E9055B /* Frameworks */,
				ACD368B322FE673100E9055B /* Resources */,
				2C20EE8DFB48F9D1E0649ECB /* [CP] Embed Pods Frameworks */,
				2E00F98DA5B143C58479F0F6 /* [CP] Copy Pods Resources */,
			);
			buildRules = (
			);
			dependencies = (
				ACD368B722FE673100E9055B /* PBXTargetDependency */,
			);
			name = CurrencyConversionUITests;
			productName = CurrencyConversionUITests;
			productReference = ACD368B522FE673100E9055B /* CurrencyConversionUITests.xctest */;
			productType = "com.apple.product-type.bundle.ui-testing";
		};
/* End PBXNativeTarget section */

/* Begin PBXProject section */
		ACD3688E22FE672E00E9055B /* Project object */ = {
			isa = PBXProject;
			attributes = {
				LastSwiftUpdateCheck = 0940;
				LastUpgradeCheck = 0940;
				ORGANIZATIONNAME = luoxiaofeng;
				TargetAttributes = {
					ACD3689522FE672E00E9055B = {
						CreatedOnToolsVersion = 9.4.1;
					};
					ACD368A922FE673100E9055B = {
						CreatedOnToolsVersion = 9.4.1;
						TestTargetID = ACD3689522FE672E00E9055B;
					};
					ACD368B422FE673100E9055B = {
						CreatedOnToolsVersion = 9.4.1;
						TestTargetID = ACD3689522FE672E00E9055B;
					};
				};
			};
			buildConfigurationList = ACD3689122FE672E00E9055B /* Build configuration list for PBXProject "CurrencyConversion" */;
			compatibilityVersion = "Xcode 9.3";
			developmentRegion = en;
			hasScannedForEncodings = 0;
			knownRegions = (
				en,
				Base,
			);
			mainGroup = ACD3688D22FE672E00E9055B;
			productRefGroup = ACD3689722FE672E00E9055B /* Products */;
			projectDirPath = "";
			projectRoot = "";
			targets = (
				ACD3689522FE672E00E9055B /* CurrencyConversion */,
				ACD368A922FE673100E9055B /* CurrencyConversionTests */,
				ACD368B422FE673100E9055B /* CurrencyConversionUITests */,
			);
		};
/* End PBXProject section */

/* Begin PBXResourcesBuildPhase section */
		ACD3689422FE672E00E9055B /* Resources */ = {
			isa = PBXResourcesBuildPhase;
			buildActionMask = 2147483647;
			files = (
				ACE27F5C22FEA4F00007BCDA /* InputCurrencyView.xib in Resources */,
				ACD368A422FE673100E9055B /* LaunchScreen.storyboard in Resources */,
				ACD368A122FE673100E9055B /* Assets.xcassets in Resources */,
				ACE27F6022FED74F0007BCDA /* RateCollectionViewCell.xib in Resources */,
				ACD3689F22FE672E00E9055B /* Main.storyboard in Resources */,
			);
			runOnlyForDeploymentPostprocessing = 0;
		};
		ACD368A822FE673100E9055B /* Resources */ = {
			isa = PBXResourcesBuildPhase;
			buildActionMask = 2147483647;
			files = (
			);
			runOnlyForDeploymentPostprocessing = 0;
		};
		ACD368B322FE673100E9055B /* Resources */ = {
			isa = PBXResourcesBuildPhase;
			buildActionMask = 2147483647;
			files = (
			);
			runOnlyForDeploymentPostprocessing = 0;
		};
/* End PBXResourcesBuildPhase section */

/* Begin PBXShellScriptBuildPhase section */
		085AED10C712624DC91F6EEF /* [CP] Copy Pods Resources */ = {
			isa = PBXShellScriptBuildPhase;
			buildActionMask = 2147483647;
			files = (
			);
			inputPaths = (
			);
			name = "[CP] Copy Pods Resources";
			outputPaths = (
			);
			runOnlyForDeploymentPostprocessing = 0;
			shellPath = /bin/sh;
			shellScript = "\"${SRCROOT}/Pods/Target Support Files/Pods-CurrencyConversionTests/Pods-CurrencyConversionTests-resources.sh\"\n";
			showEnvVarsInLog = 0;
		};
		1EFF0CF66AF98BF633CBE551 /* [CP] Check Pods Manifest.lock */ = {
			isa = PBXShellScriptBuildPhase;
			buildActionMask = 2147483647;
			files = (
			);
			inputPaths = (
				"${PODS_PODFILE_DIR_PATH}/Podfile.lock",
				"${PODS_ROOT}/Manifest.lock",
			);
			name = "[CP] Check Pods Manifest.lock";
			outputPaths = (
				"$(DERIVED_FILE_DIR)/Pods-CurrencyConversionUITests-checkManifestLockResult.txt",
			);
			runOnlyForDeploymentPostprocessing = 0;
			shellPath = /bin/sh;
			shellScript = "diff \"${PODS_PODFILE_DIR_PATH}/Podfile.lock\" \"${PODS_ROOT}/Manifest.lock\" > /dev/null\nif [ $? != 0 ] ; then\n    # print error to STDERR\n    echo \"error: The sandbox is not in sync with the Podfile.lock. Run 'pod install' or update your CocoaPods installation.\" >&2\n    exit 1\nfi\n# This output is used by Xcode 'outputs' to avoid re-running this script phase.\necho \"SUCCESS\" > \"${SCRIPT_OUTPUT_FILE_0}\"\n";
			showEnvVarsInLog = 0;
		};
		2C20EE8DFB48F9D1E0649ECB /* [CP] Embed Pods Frameworks */ = {
			isa = PBXShellScriptBuildPhase;
			buildActionMask = 2147483647;
			files = (
			);
			inputPaths = (
			);
			name = "[CP] Embed Pods Frameworks";
			outputPaths = (
			);
			runOnlyForDeploymentPostprocessing = 0;
			shellPath = /bin/sh;
			shellScript = "\"${SRCROOT}/Pods/Target Support Files/Pods-CurrencyConversionUITests/Pods-CurrencyConversionUITests-frameworks.sh\"\n";
			showEnvVarsInLog = 0;
		};
		2E00F98DA5B143C58479F0F6 /* [CP] Copy Pods Resources */ = {
			isa = PBXShellScriptBuildPhase;
			buildActionMask = 2147483647;
			files = (
			);
			inputPaths = (
			);
			name = "[CP] Copy Pods Resources";
			outputPaths = (
			);
			runOnlyForDeploymentPostprocessing = 0;
			shellPath = /bin/sh;
			shellScript = "\"${SRCROOT}/Pods/Target Support Files/Pods-CurrencyConversionUITests/Pods-CurrencyConversionUITests-resources.sh\"\n";
			showEnvVarsInLog = 0;
		};
		52CA932C79009AAA454FA6A2 /* [CP] Check Pods Manifest.lock */ = {
			isa = PBXShellScriptBuildPhase;
			buildActionMask = 2147483647;
			files = (
			);
			inputPaths = (
				"${PODS_PODFILE_DIR_PATH}/Podfile.lock",
				"${PODS_ROOT}/Manifest.lock",
			);
			name = "[CP] Check Pods Manifest.lock";
			outputPaths = (
				"$(DERIVED_FILE_DIR)/Pods-CurrencyConversionTests-checkManifestLockResult.txt",
			);
			runOnlyForDeploymentPostprocessing = 0;
			shellPath = /bin/sh;
			shellScript = "diff \"${PODS_PODFILE_DIR_PATH}/Podfile.lock\" \"${PODS_ROOT}/Manifest.lock\" > /dev/null\nif [ $? != 0 ] ; then\n    # print error to STDERR\n    echo \"error: The sandbox is not in sync with the Podfile.lock. Run 'pod install' or update your CocoaPods installation.\" >&2\n    exit 1\nfi\n# This output is used by Xcode 'outputs' to avoid re-running this script phase.\necho \"SUCCESS\" > \"${SCRIPT_OUTPUT_FILE_0}\"\n";
			showEnvVarsInLog = 0;
		};
		95ADC334A5245304A63A1974 /* [CP] Copy Pods Resources */ = {
			isa = PBXShellScriptBuildPhase;
			buildActionMask = 2147483647;
			files = (
			);
			inputPaths = (
			);
			name = "[CP] Copy Pods Resources";
			outputPaths = (
			);
			runOnlyForDeploymentPostprocessing = 0;
			shellPath = /bin/sh;
			shellScript = "\"${SRCROOT}/Pods/Target Support Files/Pods-CurrencyConversion/Pods-CurrencyConversion-resources.sh\"\n";
			showEnvVarsInLog = 0;
		};
		A18F43B6109C84BB77117387 /* [CP] Check Pods Manifest.lock */ = {
			isa = PBXShellScriptBuildPhase;
			buildActionMask = 2147483647;
			files = (
			);
			inputPaths = (
				"${PODS_PODFILE_DIR_PATH}/Podfile.lock",
				"${PODS_ROOT}/Manifest.lock",
			);
			name = "[CP] Check Pods Manifest.lock";
			outputPaths = (
				"$(DERIVED_FILE_DIR)/Pods-CurrencyConversion-checkManifestLockResult.txt",
			);
			runOnlyForDeploymentPostprocessing = 0;
			shellPath = /bin/sh;
			shellScript = "diff \"${PODS_PODFILE_DIR_PATH}/Podfile.lock\" \"${PODS_ROOT}/Manifest.lock\" > /dev/null\nif [ $? != 0 ] ; then\n    # print error to STDERR\n    echo \"error: The sandbox is not in sync with the Podfile.lock. Run 'pod install' or update your CocoaPods installation.\" >&2\n    exit 1\nfi\n# This output is used by Xcode 'outputs' to avoid re-running this script phase.\necho \"SUCCESS\" > \"${SCRIPT_OUTPUT_FILE_0}\"\n";
			showEnvVarsInLog = 0;
		};
		C2437E15FCEA0314F7876685 /* [CP] Embed Pods Frameworks */ = {
			isa = PBXShellScriptBuildPhase;
			buildActionMask = 2147483647;
			files = (
			);
			inputPaths = (
			);
			name = "[CP] Embed Pods Frameworks";
			outputPaths = (
			);
			runOnlyForDeploymentPostprocessing = 0;
			shellPath = /bin/sh;
			shellScript = "\"${SRCROOT}/Pods/Target Support Files/Pods-CurrencyConversionTests/Pods-CurrencyConversionTests-frameworks.sh\"\n";
			showEnvVarsInLog = 0;
		};
		E5C87B1BFC3AE6D2131386F7 /* [CP] Embed Pods Frameworks */ = {
			isa = PBXShellScriptBuildPhase;
			buildActionMask = 2147483647;
			files = (
			);
			inputPaths = (
				"${SRCROOT}/Pods/Target Support Files/Pods-CurrencyConversion/Pods-CurrencyConversion-frameworks.sh",
				"${BUILT_PRODUCTS_DIR}/Alamofire/Alamofire.framework",
				"${BUILT_PRODUCTS_DIR}/SVProgressHUD/SVProgressHUD.framework",
				"${BUILT_PRODUCTS_DIR}/SwiftyJSON/SwiftyJSON.framework",
			);
			name = "[CP] Embed Pods Frameworks";
			outputPaths = (
				"${TARGET_BUILD_DIR}/${FRAMEWORKS_FOLDER_PATH}/Alamofire.framework",
				"${TARGET_BUILD_DIR}/${FRAMEWORKS_FOLDER_PATH}/SVProgressHUD.framework",
				"${TARGET_BUILD_DIR}/${FRAMEWORKS_FOLDER_PATH}/SwiftyJSON.framework",
			);
			runOnlyForDeploymentPostprocessing = 0;
			shellPath = /bin/sh;
			shellScript = "\"${SRCROOT}/Pods/Target Support Files/Pods-CurrencyConversion/Pods-CurrencyConversion-frameworks.sh\"\n";
			showEnvVarsInLog = 0;
		};
/* End PBXShellScriptBuildPhase section */

/* Begin PBXSourcesBuildPhase section */
		ACD3689222FE672E00E9055B /* Sources */ = {
			isa = PBXSourcesBuildPhase;
			buildActionMask = 2147483647;
			files = (
				ACE27F5622FE98810007BCDA /* InputCurrencyView.swift in Sources */,
				ACD3689C22FE672E00E9055B /* ViewController.swift in Sources */,
				ACE27F5F22FED74F0007BCDA /* RateCollectionViewCell.swift in Sources */,
				ACD3689A22FE672E00E9055B /* AppDelegate.swift in Sources */,
				ACE27F622301880B0007BCDA /* CurrencyListModel.swift in Sources */,
			);
			runOnlyForDeploymentPostprocessing = 0;
		};
		ACD368A622FE673100E9055B /* Sources */ = {
			isa = PBXSourcesBuildPhase;
			buildActionMask = 2147483647;
			files = (
				ACD368AF22FE673100E9055B /* CurrencyConversionTests.swift in Sources */,
			);
			runOnlyForDeploymentPostprocessing = 0;
		};
		ACD368B122FE673100E9055B /* Sources */ = {
			isa = PBXSourcesBuildPhase;
			buildActionMask = 2147483647;
			files = (
				ACD368BA22FE673100E9055B /* CurrencyConversionUITests.swift in Sources */,
			);
			runOnlyForDeploymentPostprocessing = 0;
		};
/* End PBXSourcesBuildPhase section */

/* Begin PBXTargetDependency section */
		ACD368AC22FE673100E9055B /* PBXTargetDependency */ = {
			isa = PBXTargetDependency;
			target = ACD3689522FE672E00E9055B /* CurrencyConversion */;
			targetProxy = ACD368AB22FE673100E9055B /* PBXContainerItemProxy */;
		};
		ACD368B722FE673100E9055B /* PBXTargetDependency */ = {
			isa = PBXTargetDependency;
			target = ACD3689522FE672E00E9055B /* CurrencyConversion */;
			targetProxy = ACD368B622FE673100E9055B /* PBXContainerItemProxy */;
		};
/* End PBXTargetDependency section */

/* Begin PBXVariantGroup section */
		ACD3689D22FE672E00E9055B /* Main.storyboard */ = {
			isa = PBXVariantGroup;
			children = (
				ACD3689E22FE672E00E9055B /* Base */,
			);
			name = Main.storyboard;
			sourceTree = "<group>";
		};
		ACD368A222FE673100E9055B /* LaunchScreen.storyboard */ = {
			isa = PBXVariantGroup;
			children = (
				ACD368A322FE673100E9055B /* Base */,
			);
			name = LaunchScreen.storyboard;
			sourceTree = "<group>";
		};
/* End PBXVariantGroup section */

/* Begin XCBuildConfiguration section */
		ACD368BC22FE673100E9055B /* Debug */ = {
			isa = XCBuildConfiguration;
			buildSettings = {
				ALWAYS_SEARCH_USER_PATHS = NO;
				CLANG_ANALYZER_NONNULL = YES;
				CLANG_ANALYZER_NUMBER_OBJECT_CONVERSION = YES_AGGRESSIVE;
				CLANG_CXX_LANGUAGE_STANDARD = "gnu++14";
				CLANG_CXX_LIBRARY = "libc++";
				CLANG_ENABLE_MODULES = YES;
				CLANG_ENABLE_OBJC_ARC = YES;
				CLANG_ENABLE_OBJC_WEAK = YES;
				CLANG_WARN_BLOCK_CAPTURE_AUTORELEASING = YES;
				CLANG_WARN_BOOL_CONVERSION = YES;
				CLANG_WARN_COMMA = YES;
				CLANG_WARN_CONSTANT_CONVERSION = YES;
				CLANG_WARN_DEPRECATED_OBJC_IMPLEMENTATIONS = YES;
				CLANG_WARN_DIRECT_OBJC_ISA_USAGE = YES_ERROR;
				CLANG_WARN_DOCUMENTATION_COMMENTS = YES;
				CLANG_WARN_EMPTY_BODY = YES;
				CLANG_WARN_ENUM_CONVERSION = YES;
				CLANG_WARN_INFINITE_RECURSION = YES;
				CLANG_WARN_INT_CONVERSION = YES;
				CLANG_WARN_NON_LITERAL_NULL_CONVERSION = YES;
				CLANG_WARN_OBJC_IMPLICIT_RETAIN_SELF = YES;
				CLANG_WARN_OBJC_LITERAL_CONVERSION = YES;
				CLANG_WARN_OBJC_ROOT_CLASS = YES_ERROR;
				CLANG_WARN_RANGE_LOOP_ANALYSIS = YES;
				CLANG_WARN_STRICT_PROTOTYPES = YES;
				CLANG_WARN_SUSPICIOUS_MOVE = YES;
				CLANG_WARN_UNGUARDED_AVAILABILITY = YES_AGGRESSIVE;
				CLANG_WARN_UNREACHABLE_CODE = YES;
				CLANG_WARN__DUPLICATE_METHOD_MATCH = YES;
				CODE_SIGN_IDENTITY = "iPhone Developer";
				COPY_PHASE_STRIP = NO;
				DEBUG_INFORMATION_FORMAT = dwarf;
				ENABLE_STRICT_OBJC_MSGSEND = YES;
				ENABLE_TESTABILITY = YES;
				GCC_C_LANGUAGE_STANDARD = gnu11;
				GCC_DYNAMIC_NO_PIC = NO;
				GCC_NO_COMMON_BLOCKS = YES;
				GCC_OPTIMIZATION_LEVEL = 0;
				GCC_PREPROCESSOR_DEFINITIONS = (
					"DEBUG=1",
					"$(inherited)",
				);
				GCC_WARN_64_TO_32_BIT_CONVERSION = YES;
				GCC_WARN_ABOUT_RETURN_TYPE = YES_ERROR;
				GCC_WARN_UNDECLARED_SELECTOR = YES;
				GCC_WARN_UNINITIALIZED_AUTOS = YES_AGGRESSIVE;
				GCC_WARN_UNUSED_FUNCTION = YES;
				GCC_WARN_UNUSED_VARIABLE = YES;
				IPHONEOS_DEPLOYMENT_TARGET = 11.4;
				MTL_ENABLE_DEBUG_INFO = YES;
				ONLY_ACTIVE_ARCH = YES;
				SDKROOT = iphoneos;
				SWIFT_ACTIVE_COMPILATION_CONDITIONS = DEBUG;
				SWIFT_OPTIMIZATION_LEVEL = "-Onone";
			};
			name = Debug;
		};
		ACD368BD22FE673100E9055B /* Release */ = {
			isa = XCBuildConfiguration;
			buildSettings = {
				ALWAYS_SEARCH_USER_PATHS = NO;
				CLANG_ANALYZER_NONNULL = YES;
				CLANG_ANALYZER_NUMBER_OBJECT_CONVERSION = YES_AGGRESSIVE;
				CLANG_CXX_LANGUAGE_STANDARD = "gnu++14";
				CLANG_CXX_LIBRARY = "libc++";
				CLANG_ENABLE_MODULES = YES;
				CLANG_ENABLE_OBJC_ARC = YES;
				CLANG_ENABLE_OBJC_WEAK = YES;
				CLANG_WARN_BLOCK_CAPTURE_AUTORELEASING = YES;
				CLANG_WARN_BOOL_CONVERSION = YES;
				CLANG_WARN_COMMA = YES;
				CLANG_WARN_CONSTANT_CONVERSION = YES;
				CLANG_WARN_DEPRECATED_OBJC_IMPLEMENTATIONS = YES;
				CLANG_WARN_DIRECT_OBJC_ISA_USAGE = YES_ERROR;
				CLANG_WARN_DOCUMENTATION_COMMENTS = YES;
				CLANG_WARN_EMPTY_BODY = YES;
				CLANG_WARN_ENUM_CONVERSION = YES;
				CLANG_WARN_INFINITE_RECURSION = YES;
				CLANG_WARN_INT_CONVERSION = YES;
				CLANG_WARN_NON_LITERAL_NULL_CONVERSION = YES;
				CLANG_WARN_OBJC_IMPLICIT_RETAIN_SELF = YES;
				CLANG_WARN_OBJC_LITERAL_CONVERSION = YES;
				CLANG_WARN_OBJC_ROOT_CLASS = YES_ERROR;
				CLANG_WARN_RANGE_LOOP_ANALYSIS = YES;
				CLANG_WARN_STRICT_PROTOTYPES = YES;
				CLANG_WARN_SUSPICIOUS_MOVE = YES;
				CLANG_WARN_UNGUARDED_AVAILABILITY = YES_AGGRESSIVE;
				CLANG_WARN_UNREACHABLE_CODE = YES;
				CLANG_WARN__DUPLICATE_METHOD_MATCH = YES;
				CODE_SIGN_IDENTITY = "iPhone Developer";
				COPY_PHASE_STRIP = NO;
				DEBUG_INFORMATION_FORMAT = "dwarf-with-dsym";
				ENABLE_NS_ASSERTIONS = NO;
				ENABLE_STRICT_OBJC_MSGSEND = YES;
				GCC_C_LANGUAGE_STANDARD = gnu11;
				GCC_NO_COMMON_BLOCKS = YES;
				GCC_WARN_64_TO_32_BIT_CONVERSION = YES;
				GCC_WARN_ABOUT_RETURN_TYPE = YES_ERROR;
				GCC_WARN_UNDECLARED_SELECTOR = YES;
				GCC_WARN_UNINITIALIZED_AUTOS = YES_AGGRESSIVE;
				GCC_WARN_UNUSED_FUNCTION = YES;
				GCC_WARN_UNUSED_VARIABLE = YES;
				IPHONEOS_DEPLOYMENT_TARGET = 11.4;
				MTL_ENABLE_DEBUG_INFO = NO;
				SDKROOT = iphoneos;
				SWIFT_COMPILATION_MODE = wholemodule;
				SWIFT_OPTIMIZATION_LEVEL = "-O";
				VALIDATE_PRODUCT = YES;
			};
			name = Release;
		};
		ACD368BF22FE673100E9055B /* Debug */ = {
			isa = XCBuildConfiguration;
			baseConfigurationReference = F288BFDFF4EB4991C7BC9848 /* Pods-CurrencyConversion.debug.xcconfig */;
			buildSettings = {
				ASSETCATALOG_COMPILER_APPICON_NAME = AppIcon;
				CODE_SIGN_STYLE = Automatic;
				INFOPLIST_FILE = CurrencyConversion/Info.plist;
				LD_RUNPATH_SEARCH_PATHS = (
					"$(inherited)",
					"@executable_path/Frameworks",
				);
				PRODUCT_BUNDLE_IDENTIFIER = anxiu.dong.com.CurrencyConversion;
				PRODUCT_NAME = "$(TARGET_NAME)";
				SWIFT_VERSION = 4.0;
				TARGETED_DEVICE_FAMILY = "1,2";
			};
			name = Debug;
		};
		ACD368C022FE673100E9055B /* Release */ = {
			isa = XCBuildConfiguration;
			baseConfigurationReference = AEBBD69E4CD77409C9E8A388 /* Pods-CurrencyConversion.release.xcconfig */;
			buildSettings = {
				ASSETCATALOG_COMPILER_APPICON_NAME = AppIcon;
				CODE_SIGN_STYLE = Automatic;
				INFOPLIST_FILE = CurrencyConversion/Info.plist;
				LD_RUNPATH_SEARCH_PATHS = (
					"$(inherited)",
					"@executable_path/Frameworks",
				);
				PRODUCT_BUNDLE_IDENTIFIER = anxiu.dong.com.CurrencyConversion;
				PRODUCT_NAME = "$(TARGET_NAME)";
				SWIFT_VERSION = 4.0;
				TARGETED_DEVICE_FAMILY = "1,2";
			};
			name = Release;
		};
		ACD368C222FE673100E9055B /* Debug */ = {
			isa = XCBuildConfiguration;
			baseConfigurationReference = 936068F4D6C3178C89A89515 /* Pods-CurrencyConversionTests.debug.xcconfig */;
			buildSettings = {
				ALWAYS_EMBED_SWIFT_STANDARD_LIBRARIES = YES;
				BUNDLE_LOADER = "$(TEST_HOST)";
				CODE_SIGN_STYLE = Automatic;
				INFOPLIST_FILE = CurrencyConversionTests/Info.plist;
				LD_RUNPATH_SEARCH_PATHS = (
					"$(inherited)",
					"@executable_path/Frameworks",
					"@loader_path/Frameworks",
				);
				PRODUCT_BUNDLE_IDENTIFIER = anxiu.dong.com.CurrencyConversionTests;
				PRODUCT_NAME = "$(TARGET_NAME)";
				SWIFT_VERSION = 4.0;
				TARGETED_DEVICE_FAMILY = "1,2";
				TEST_HOST = "$(BUILT_PRODUCTS_DIR)/CurrencyConversion.app/CurrencyConversion";
			};
			name = Debug;
		};
		ACD368C322FE673100E9055B /* Release */ = {
			isa = XCBuildConfiguration;
			baseConfigurationReference = 685233183E38ED347D9BB716 /* Pods-CurrencyConversionTests.release.xcconfig */;
			buildSettings = {
				ALWAYS_EMBED_SWIFT_STANDARD_LIBRARIES = YES;
				BUNDLE_LOADER = "$(TEST_HOST)";
				CODE_SIGN_STYLE = Automatic;
				INFOPLIST_FILE = CurrencyConversionTests/Info.plist;
				LD_RUNPATH_SEARCH_PATHS = (
					"$(inherited)",
					"@executable_path/Frameworks",
					"@loader_path/Frameworks",
				);
				PRODUCT_BUNDLE_IDENTIFIER = anxiu.dong.com.CurrencyConversionTests;
				PRODUCT_NAME = "$(TARGET_NAME)";
				SWIFT_VERSION = 4.0;
				TARGETED_DEVICE_FAMILY = "1,2";
				TEST_HOST = "$(BUILT_PRODUCTS_DIR)/CurrencyConversion.app/CurrencyConversion";
			};
			name = Release;
		};
		ACD368C522FE673100E9055B /* Debug */ = {
			isa = XCBuildConfiguration;
			baseConfigurationReference = B0894C75EC042924156CB2CF /* Pods-CurrencyConversionUITests.debug.xcconfig */;
			buildSettings = {
				ALWAYS_EMBED_SWIFT_STANDARD_LIBRARIES = YES;
				CODE_SIGN_STYLE = Automatic;
				INFOPLIST_FILE = CurrencyConversionUITests/Info.plist;
				LD_RUNPATH_SEARCH_PATHS = (
					"$(inherited)",
					"@executable_path/Frameworks",
					"@loader_path/Frameworks",
				);
				PRODUCT_BUNDLE_IDENTIFIER = anxiu.dong.com.CurrencyConversionUITests;
				PRODUCT_NAME = "$(TARGET_NAME)";
				SWIFT_VERSION = 4.0;
				TARGETED_DEVICE_FAMILY = "1,2";
				TEST_TARGET_NAME = CurrencyConversion;
			};
			name = Debug;
		};
		ACD368C622FE673100E9055B /* Release */ = {
			isa = XCBuildConfiguration;
			baseConfigurationReference = B674220ABCA1C64BC64D34E2 /* Pods-CurrencyConversionUITests.release.xcconfig */;
			buildSettings = {
				ALWAYS_EMBED_SWIFT_STANDARD_LIBRARIES = YES;
				CODE_SIGN_STYLE = Automatic;
				INFOPLIST_FILE = CurrencyConversionUITests/Info.plist;
				LD_RUNPATH_SEARCH_PATHS = (
					"$(inherited)",
					"@executable_path/Frameworks",
					"@loader_path/Frameworks",
				);
				PRODUCT_BUNDLE_IDENTIFIER = anxiu.dong.com.CurrencyConversionUITests;
				PRODUCT_NAME = "$(TARGET_NAME)";
				SWIFT_VERSION = 4.0;
				TARGETED_DEVICE_FAMILY = "1,2";
				TEST_TARGET_NAME = CurrencyConversion;
			};
			name = Release;
		};
/* End XCBuildConfiguration section */

/* Begin XCConfigurationList section */
		ACD3689122FE672E00E9055B /* Build configuration list for PBXProject "CurrencyConversion" */ = {
			isa = XCConfigurationList;
			buildConfigurations = (
				ACD368BC22FE673100E9055B /* Debug */,
				ACD368BD22FE673100E9055B /* Release */,
			);
			defaultConfigurationIsVisible = 0;
			defaultConfigurationName = Release;
		};
		ACD368BE22FE673100E9055B /* Build configuration list for PBXNativeTarget "CurrencyConversion" */ = {
			isa = XCConfigurationList;
			buildConfigurations = (
				ACD368BF22FE673100E9055B /* Debug */,
				ACD368C022FE673100E9055B /* Release */,
			);
			defaultConfigurationIsVisible = 0;
			defaultConfigurationName = Release;
		};
		ACD368C122FE673100E9055B /* Build configuration list for PBXNativeTarget "CurrencyConversionTests" */ = {
			isa = XCConfigurationList;
			buildConfigurations = (
				ACD368C222FE673100E9055B /* Debug */,
				ACD368C322FE673100E9055B /* Release */,
			);
			defaultConfigurationIsVisible = 0;
			defaultConfigurationName = Release;
		};
		ACD368C422FE673100E9055B /* Build configuration list for PBXNativeTarget "CurrencyConversionUITests" */ = {
			isa = XCConfigurationList;
			buildConfigurations = (
				ACD368C522FE673100E9055B /* Debug */,
				ACD368C622FE673100E9055B /* Release */,
			);
			defaultConfigurationIsVisible = 0;
			defaultConfigurationName = Release;
		};
/* End XCConfigurationList section */
	};
	rootObject = ACD3688E22FE672E00E9055B /* Project object */;
}
